
Microsoft Visual Studio Solution File, Format Version 12.00
# Visual Studio Version 17
VisualStudioVersion = 17.9.34616.47
MinimumVisualStudioVersion = 10.0.40219.1
Project("{FAE04EC0-301F-11D3-BF4B-00C04F79EFBC}") = "TPMOD6_1302223123", "TPMOD6_1302223123\TPMOD6_1302223123.csproj", "{F1F74447-1D89-47D6-9129-857BBB8EC75B}"
EndProject
Global
	GlobalSection(SolutionConfigurationPlatforms) = preSolution
		Debug|Any CPU = Debug|Any CPU
		Release|Any CPU = Release|Any CPU
	EndGlobalSection
	GlobalSection(ProjectConfigurationPlatforms) = postSolution
		{F1F74447-1D89-47D6-9129-857BBB8EC75B}.Debug|Any CPU.ActiveCfg = Debug|Any CPU
		{F1F74447-1D89-47D6-9129-857BBB8EC75B}.Debug|Any CPU.Build.0 = Debug|Any CPU
		{F1F74447-1D89-47D6-9129-857BBB8EC75B}.Release|Any CPU.ActiveCfg = Release|Any CPU
		{F1F74447-1D89-47D6-9129-857BBB8EC75B}.Release|Any CPU.Build.0 = Release|Any CPU
	EndGlobalSection
	GlobalSection(SolutionProperties) = preSolution
		HideSolutionNode = FALSE
	EndGlobalSection
	GlobalSection(ExtensibilityGlobals) = postSolution
		SolutionGuid = {9AD3C8FB-4249-4AFF-8987-5C8F286DF314}
	EndGlobalSection
EndGlobal
